{
  "name": "mingo-test",
  "version": "1.0.0",
  "lockfileVersion": 1,
  "requires": true,
  "dependencies": {
    "mingo": {
      "version": "2.2.10",
      "resolved": "https://registry.npmjs.org/mingo/-/mingo-2.2.10.tgz",
      "integrity": "sha512-V2NKMKao/xcEZEMsdokjQ5+Ow58eWoDYOeYOqk6xOtJkCJjDMSTPRbNFtj/9RI87cxvIggUxep+/asE+djcMXQ=="
    }
  }
}
